// !$*UTF8*$!
{
	archiveVersion = 1;
	classes = {
	};
	objectVersion = 56;
	objects = {

			/* Begin PBXBuildFile section */
				C1000001000000000001 /* GRDB in Frameworks */ = {isa = PBXBuildFile; productRef = D1000001000000000001 /* GRDB */; };
				C1000001000000000002 /* MLXLLM in Frameworks */ = {isa = PBXBuildFile; productRef = D1000001000000000002 /* MLXLLM */; };
				C1000001000000000003 /* Sparkle in Frameworks */ = {isa = PBXBuildFile; productRef = D1000001000000000003 /* Sparkle */; };
				R1000001000000000001 /* Resources in Resources */ = {isa = PBXBuildFile; fileRef = F1000001000000000001 /* Resources */; };
				R1000001000000000002 /* Assets.xcassets in Resources */ = {isa = PBXBuildFile; fileRef = F1000001000000000002 /* Assets.xcassets */; };
			A1000001000000000001 /* AppDelegate.swift in Sources */ = {isa = PBXBuildFile; fileRef = B1000001000000000001 /* AppDelegate.swift */; };
			A1000001000000000002 /* AssetSchemeHandler.swift in Sources */ = {isa = PBXBuildFile; fileRef = B1000001000000000002 /* AssetSchemeHandler.swift */; };
			A100000100000000002B /* BundleSchemeHandler.swift in Sources */ = {isa = PBXBuildFile; fileRef = B100000100000000002B /* BundleSchemeHandler.swift */; };
		A1000001000000000003 /* BridgeService.swift in Sources */ = {isa = PBXBuildFile; fileRef = B1000001000000000003 /* BridgeService.swift */; };
		A1000001000000000004 /* DroppableWebView.swift in Sources */ = {isa = PBXBuildFile; fileRef = B1000001000000000004 /* DroppableWebView.swift */; };
		A1000001000000000005 /* WebViewManager.swift in Sources */ = {isa = PBXBuildFile; fileRef = B1000001000000000005 /* WebViewManager.swift */; };
		A1000001000000000030 /* PDFReaderPaneController.swift in Sources */ = {isa = PBXBuildFile; fileRef = B1000001000000000030 /* PDFReaderPaneController.swift */; };
		A1000001000000000006 /* OnboardingView.swift in Sources */ = {isa = PBXBuildFile; fileRef = B1000001000000000006 /* OnboardingView.swift */; };
		A1000001000000000007 /* QuickPanelManager.swift in Sources */ = {isa = PBXBuildFile; fileRef = B1000001000000000007 /* QuickPanelManager.swift */; };
		A1000001000000000008 /* QuickPanelView.swift in Sources */ = {isa = PBXBuildFile; fileRef = B1000001000000000008 /* QuickPanelView.swift */; };
		A1000001000000000009 /* QuickPanelWindow.swift in Sources */ = {isa = PBXBuildFile; fileRef = B1000001000000000009 /* QuickPanelWindow.swift */; };
		A100000100000000000A /* Colors.swift in Sources */ = {isa = PBXBuildFile; fileRef = B100000100000000000A /* Colors.swift */; };
		A100000100000000000B /* Spacing.swift in Sources */ = {isa = PBXBuildFile; fileRef = B100000100000000000B /* Spacing.swift */; };
		A100000100000000000C /* BridgePayloads.swift in Sources */ = {isa = PBXBuildFile; fileRef = B100000100000000000C /* BridgePayloads.swift */; };
		A1000001000000000010 /* SourceChunk.swift in Sources */ = {isa = PBXBuildFile; fileRef = B1000001000000000010 /* SourceChunk.swift */; };
		A1000001000000000011 /* SourceReference.swift in Sources */ = {isa = PBXBuildFile; fileRef = B1000001000000000011 /* SourceReference.swift */; };
		A1000001000000000012 /* Stream.swift in Sources */ = {isa = PBXBuildFile; fileRef = B1000001000000000012 /* Stream.swift */; };
		A1000001000000000013 /* AIOrchestrator.swift in Sources */ = {isa = PBXBuildFile; fileRef = B1000001000000000013 /* AIOrchestrator.swift */; };
		A1000001000000000014 /* AIService.swift in Sources */ = {isa = PBXBuildFile; fileRef = B1000001000000000014 /* AIService.swift */; };
		A1000001000000000015 /* AnthropicService.swift in Sources */ = {isa = PBXBuildFile; fileRef = B1000001000000000015 /* AnthropicService.swift */; };
		A1000001000000000016 /* AssetService.swift in Sources */ = {isa = PBXBuildFile; fileRef = B1000001000000000016 /* AssetService.swift */; };
		A1000001000000000017 /* ChunkingService.swift in Sources */ = {isa = PBXBuildFile; fileRef = B1000001000000000017 /* ChunkingService.swift */; };
		A1000001000000000019 /* EmbeddingService.swift in Sources */ = {isa = PBXBuildFile; fileRef = B1000001000000000019 /* EmbeddingService.swift */; };
		A100000100000000001A /* MLXClassifier.swift in Sources */ = {isa = PBXBuildFile; fileRef = B100000100000000001A /* MLXClassifier.swift */; };
		A100000100000000001B /* PerplexityService.swift in Sources */ = {isa = PBXBuildFile; fileRef = B100000100000000001B /* PerplexityService.swift */; };
		A100000100000000001C /* PersistenceService.swift in Sources */ = {isa = PBXBuildFile; fileRef = B100000100000000001C /* PersistenceService.swift */; };
		A100000100000000001E /* Prompts.swift in Sources */ = {isa = PBXBuildFile; fileRef = B100000100000000001E /* Prompts.swift */; };
		A100000100000000001F /* LLMProvider.swift in Sources */ = {isa = PBXBuildFile; fileRef = B100000100000000001F /* LLMProvider.swift */; };
		A1000001000000000020 /* QueryClassifier.swift in Sources */ = {isa = PBXBuildFile; fileRef = B1000001000000000020 /* QueryClassifier.swift */; };
		A1000001000000000021 /* RAGMigrationService.swift in Sources */ = {isa = PBXBuildFile; fileRef = B1000001000000000021 /* RAGMigrationService.swift */; };
		A1000001000000000022 /* RetrievalService.swift in Sources */ = {isa = PBXBuildFile; fileRef = B1000001000000000022 /* RetrievalService.swift */; };
		A1000001000000000023 /* SearchService.swift in Sources */ = {isa = PBXBuildFile; fileRef = B1000001000000000023 /* SearchService.swift */; };
		A1000001000000000024 /* SettingsService.swift in Sources */ = {isa = PBXBuildFile; fileRef = B1000001000000000024 /* SettingsService.swift */; };
		A1000001000000000025 /* SourceService.swift in Sources */ = {isa = PBXBuildFile; fileRef = B1000001000000000025 /* SourceService.swift */; };
		A1000001000000000026 /* ClipboardService.swift in Sources */ = {isa = PBXBuildFile; fileRef = B1000001000000000026 /* ClipboardService.swift */; };
		A1000001000000000027 /* CursorPositionService.swift in Sources */ = {isa = PBXBuildFile; fileRef = B1000001000000000027 /* CursorPositionService.swift */; };
		A1000001000000000028 /* HotkeyService.swift in Sources */ = {isa = PBXBuildFile; fileRef = B1000001000000000028 /* HotkeyService.swift */; };
		A1000001000000000029 /* KeychainService.swift in Sources */ = {isa = PBXBuildFile; fileRef = B1000001000000000029 /* KeychainService.swift */; };
		A100000100000000002A /* SelectionReaderService.swift in Sources */ = {isa = PBXBuildFile; fileRef = B100000100000000002A /* SelectionReaderService.swift */; };
			A100000100000000002C /* DeviceKeyService.swift in Sources */ = {isa = PBXBuildFile; fileRef = B100000100000000002C /* DeviceKeyService.swift */; };
			A100000100000000002D /* ProxyLLMService.swift in Sources */ = {isa = PBXBuildFile; fileRef = B100000100000000002D /* ProxyLLMService.swift */; };
			A100000100000000002E /* DebugLog.swift in Sources */ = {isa = PBXBuildFile; fileRef = B100000100000000002E /* DebugLog.swift */; };
			A100000100000000002F /* DeviceKeyServiceTests.swift in Sources */ = {isa = PBXBuildFile; fileRef = B100000100000000002F /* DeviceKeyServiceTests.swift */; };
			A1000001000000000031 /* StreamDocumentTests.swift in Sources */ = {isa = PBXBuildFile; fileRef = B1000001000000000031 /* StreamDocumentTests.swift */; };
		/* End PBXBuildFile section */

		/* Begin PBXContainerItemProxy section */
			T1000001000000000004 /* PBXContainerItemProxy */ = {
				isa = PBXContainerItemProxy;
				containerPortal = E8A1B2C3D4E5F6A7B8C9D001 /* Project object */;
				proxyType = 1;
				remoteGlobalIDString = E8A1B2C3D4E5F6A7B8C9D0E0;
				remoteInfo = Ticker;
			};
		/* End PBXContainerItemProxy section */

			/* Begin PBXFileReference section */
				E8A1B2C3D4E5F6A7B8C9D0E1 /* Ticker.app */ = {isa = PBXFileReference; explicitFileType = wrapper.application; includeInIndex = 0; path = Ticker.app; sourceTree = BUILT_PRODUCTS_DIR; };
				E8A1B2C3D4E5F6A7B8C9D0E5 /* TickerTests.xctest */ = {isa = PBXFileReference; explicitFileType = wrapper.cfbundle; includeInIndex = 0; path = TickerTests.xctest; sourceTree = BUILT_PRODUCTS_DIR; };
				E8A1B2C3D4E5F6A7B8C9D0E2 /* Info.plist */ = {isa = PBXFileReference; lastKnownFileType = text.plist.xml; path = Info.plist; sourceTree = "<group>"; };
				E8A1B2C3D4E5F6A7B8C9D0E3 /* Ticker.entitlements */ = {isa = PBXFileReference; lastKnownFileType = text.plist.entitlements; path = Ticker.entitlements; sourceTree = "<group>"; };
		B1000001000000000001 /* AppDelegate.swift */ = {isa = PBXFileReference; lastKnownFileType = sourcecode.swift; path = AppDelegate.swift; sourceTree = "<group>"; };
		B1000001000000000002 /* AssetSchemeHandler.swift */ = {isa = PBXFileReference; lastKnownFileType = sourcecode.swift; path = AssetSchemeHandler.swift; sourceTree = "<group>"; };
		B100000100000000002B /* BundleSchemeHandler.swift */ = {isa = PBXFileReference; lastKnownFileType = sourcecode.swift; path = BundleSchemeHandler.swift; sourceTree = "<group>"; };
		B1000001000000000003 /* BridgeService.swift */ = {isa = PBXFileReference; lastKnownFileType = sourcecode.swift; path = BridgeService.swift; sourceTree = "<group>"; };
		B1000001000000000004 /* DroppableWebView.swift */ = {isa = PBXFileReference; lastKnownFileType = sourcecode.swift; path = DroppableWebView.swift; sourceTree = "<group>"; };
		B1000001000000000005 /* WebViewManager.swift */ = {isa = PBXFileReference; lastKnownFileType = sourcecode.swift; path = WebViewManager.swift; sourceTree = "<group>"; };
		B1000001000000000030 /* PDFReaderPaneController.swift */ = {isa = PBXFileReference; lastKnownFileType = sourcecode.swift; path = PDFReaderPaneController.swift; sourceTree = "<group>"; };
		B1000001000000000006 /* OnboardingView.swift */ = {isa = PBXFileReference; lastKnownFileType = sourcecode.swift; path = OnboardingView.swift; sourceTree = "<group>"; };
		B1000001000000000007 /* QuickPanelManager.swift */ = {isa = PBXFileReference; lastKnownFileType = sourcecode.swift; path = QuickPanelManager.swift; sourceTree = "<group>"; };
		B1000001000000000008 /* QuickPanelView.swift */ = {isa = PBXFileReference; lastKnownFileType = sourcecode.swift; path = QuickPanelView.swift; sourceTree = "<group>"; };
		B1000001000000000009 /* QuickPanelWindow.swift */ = {isa = PBXFileReference; lastKnownFileType = sourcecode.swift; path = QuickPanelWindow.swift; sourceTree = "<group>"; };
		B100000100000000000A /* Colors.swift */ = {isa = PBXFileReference; lastKnownFileType = sourcecode.swift; path = Colors.swift; sourceTree = "<group>"; };
		B100000100000000000B /* Spacing.swift */ = {isa = PBXFileReference; lastKnownFileType = sourcecode.swift; path = Spacing.swift; sourceTree = "<group>"; };
		B100000100000000000C /* BridgePayloads.swift */ = {isa = PBXFileReference; lastKnownFileType = sourcecode.swift; path = BridgePayloads.swift; sourceTree = "<group>"; };
		B1000001000000000010 /* SourceChunk.swift */ = {isa = PBXFileReference; lastKnownFileType = sourcecode.swift; path = SourceChunk.swift; sourceTree = "<group>"; };
		B1000001000000000011 /* SourceReference.swift */ = {isa = PBXFileReference; lastKnownFileType = sourcecode.swift; path = SourceReference.swift; sourceTree = "<group>"; };
		B1000001000000000012 /* Stream.swift */ = {isa = PBXFileReference; lastKnownFileType = sourcecode.swift; path = Stream.swift; sourceTree = "<group>"; };
		B1000001000000000013 /* AIOrchestrator.swift */ = {isa = PBXFileReference; lastKnownFileType = sourcecode.swift; path = AIOrchestrator.swift; sourceTree = "<group>"; };
		B1000001000000000014 /* AIService.swift */ = {isa = PBXFileReference; lastKnownFileType = sourcecode.swift; path = AIService.swift; sourceTree = "<group>"; };
		B1000001000000000015 /* AnthropicService.swift */ = {isa = PBXFileReference; lastKnownFileType = sourcecode.swift; path = AnthropicService.swift; sourceTree = "<group>"; };
		B1000001000000000016 /* AssetService.swift */ = {isa = PBXFileReference; lastKnownFileType = sourcecode.swift; path = AssetService.swift; sourceTree = "<group>"; };
		B1000001000000000017 /* ChunkingService.swift */ = {isa = PBXFileReference; lastKnownFileType = sourcecode.swift; path = ChunkingService.swift; sourceTree = "<group>"; };
		B1000001000000000019 /* EmbeddingService.swift */ = {isa = PBXFileReference; lastKnownFileType = sourcecode.swift; path = EmbeddingService.swift; sourceTree = "<group>"; };
		B100000100000000001A /* MLXClassifier.swift */ = {isa = PBXFileReference; lastKnownFileType = sourcecode.swift; path = MLXClassifier.swift; sourceTree = "<group>"; };
		B100000100000000001B /* PerplexityService.swift */ = {isa = PBXFileReference; lastKnownFileType = sourcecode.swift; path = PerplexityService.swift; sourceTree = "<group>"; };
		B100000100000000001C /* PersistenceService.swift */ = {isa = PBXFileReference; lastKnownFileType = sourcecode.swift; path = PersistenceService.swift; sourceTree = "<group>"; };
		B100000100000000001E /* Prompts.swift */ = {isa = PBXFileReference; lastKnownFileType = sourcecode.swift; path = Prompts.swift; sourceTree = "<group>"; };
		B100000100000000001F /* LLMProvider.swift */ = {isa = PBXFileReference; lastKnownFileType = sourcecode.swift; path = LLMProvider.swift; sourceTree = "<group>"; };
		B1000001000000000020 /* QueryClassifier.swift */ = {isa = PBXFileReference; lastKnownFileType = sourcecode.swift; path = QueryClassifier.swift; sourceTree = "<group>"; };
		B1000001000000000021 /* RAGMigrationService.swift */ = {isa = PBXFileReference; lastKnownFileType = sourcecode.swift; path = RAGMigrationService.swift; sourceTree = "<group>"; };
		B1000001000000000022 /* RetrievalService.swift */ = {isa = PBXFileReference; lastKnownFileType = sourcecode.swift; path = RetrievalService.swift; sourceTree = "<group>"; };
		B1000001000000000023 /* SearchService.swift */ = {isa = PBXFileReference; lastKnownFileType = sourcecode.swift; path = SearchService.swift; sourceTree = "<group>"; };
		B1000001000000000024 /* SettingsService.swift */ = {isa = PBXFileReference; lastKnownFileType = sourcecode.swift; path = SettingsService.swift; sourceTree = "<group>"; };
		B1000001000000000025 /* SourceService.swift */ = {isa = PBXFileReference; lastKnownFileType = sourcecode.swift; path = SourceService.swift; sourceTree = "<group>"; };
		B1000001000000000026 /* ClipboardService.swift */ = {isa = PBXFileReference; lastKnownFileType = sourcecode.swift; path = ClipboardService.swift; sourceTree = "<group>"; };
		B1000001000000000027 /* CursorPositionService.swift */ = {isa = PBXFileReference; lastKnownFileType = sourcecode.swift; path = CursorPositionService.swift; sourceTree = "<group>"; };
		B1000001000000000028 /* HotkeyService.swift */ = {isa = PBXFileReference; lastKnownFileType = sourcecode.swift; path = HotkeyService.swift; sourceTree = "<group>"; };
		B1000001000000000029 /* KeychainService.swift */ = {isa = PBXFileReference; lastKnownFileType = sourcecode.swift; path = KeychainService.swift; sourceTree = "<group>"; };
		B100000100000000002A /* SelectionReaderService.swift */ = {isa = PBXFileReference; lastKnownFileType = sourcecode.swift; path = SelectionReaderService.swift; sourceTree = "<group>"; };
			B100000100000000002C /* DeviceKeyService.swift */ = {isa = PBXFileReference; lastKnownFileType = sourcecode.swift; path = DeviceKeyService.swift; sourceTree = "<group>"; };
			B100000100000000002D /* ProxyLLMService.swift */ = {isa = PBXFileReference; lastKnownFileType = sourcecode.swift; path = ProxyLLMService.swift; sourceTree = "<group>"; };
			B100000100000000002E /* DebugLog.swift */ = {isa = PBXFileReference; lastKnownFileType = sourcecode.swift; path = DebugLog.swift; sourceTree = "<group>"; };
			B100000100000000002F /* DeviceKeyServiceTests.swift */ = {isa = PBXFileReference; lastKnownFileType = sourcecode.swift; path = DeviceKeyServiceTests.swift; sourceTree = "<group>"; };
			B1000001000000000031 /* StreamDocumentTests.swift */ = {isa = PBXFileReference; lastKnownFileType = sourcecode.swift; path = StreamDocumentTests.swift; sourceTree = "<group>"; };
				F1000001000000000001 /* Resources */ = {isa = PBXFileReference; lastKnownFileType = folder; path = Resources; sourceTree = "<group>"; };
				F1000001000000000002 /* Assets.xcassets */ = {isa = PBXFileReference; lastKnownFileType = folder.assetcatalog; path = Assets.xcassets; sourceTree = "<group>"; };
			/* End PBXFileReference section */

		/* Begin PBXFrameworksBuildPhase section */
			E8A1B2C3D4E5F6A7B8C9D0F1 /* Frameworks */ = {
			isa = PBXFrameworksBuildPhase;
			buildActionMask = 2147483647;
			files = (
				C1000001000000000001 /* GRDB in Frameworks */,
				C1000001000000000002 /* MLXLLM in Frameworks */,
				C1000001000000000003 /* Sparkle in Frameworks */,
				);
				runOnlyForDeploymentPostprocessing = 0;
			};
			T1000001000000000002 /* Frameworks */ = {
				isa = PBXFrameworksBuildPhase;
				buildActionMask = 2147483647;
				files = (
				);
				runOnlyForDeploymentPostprocessing = 0;
			};
		/* End PBXFrameworksBuildPhase section */

		/* Begin PBXGroup section */
			E8A1B2C3D4E5F6A7B8C9D100 = {
				isa = PBXGroup;
				children = (
					E8A1B2C3D4E5F6A7B8C9D101 /* Sources */,
					G1000001000000000009 /* Tests */,
					E8A1B2C3D4E5F6A7B8C9D102 /* Products */,
				);
				sourceTree = "<group>";
			};
		E8A1B2C3D4E5F6A7B8C9D101 /* Sources */ = {
			isa = PBXGroup;
			children = (
				E8A1B2C3D4E5F6A7B8C9D103 /* Ticker */,
			);
			path = Sources;
			sourceTree = "<group>";
		};
			E8A1B2C3D4E5F6A7B8C9D102 /* Products */ = {
				isa = PBXGroup;
				children = (
					E8A1B2C3D4E5F6A7B8C9D0E1 /* Ticker.app */,
					E8A1B2C3D4E5F6A7B8C9D0E5 /* TickerTests.xctest */,
				);
				name = Products;
				sourceTree = "<group>";
			};
			E8A1B2C3D4E5F6A7B8C9D103 /* Ticker */ = {
				isa = PBXGroup;
				children = (
					G1000001000000000001 /* App */,
					G1000001000000000002 /* Design */,
					G1000001000000000003 /* Models */,
					G1000001000000000004 /* Services */,
					F1000001000000000002 /* Assets.xcassets */,
					F1000001000000000001 /* Resources */,
					E8A1B2C3D4E5F6A7B8C9D0E2 /* Info.plist */,
					E8A1B2C3D4E5F6A7B8C9D0E3 /* Ticker.entitlements */,
				);
				path = Ticker;
				sourceTree = "<group>";
			};
		G1000001000000000001 /* App */ = {
			isa = PBXGroup;
			children = (
				B1000001000000000001 /* AppDelegate.swift */,
				B1000001000000000002 /* AssetSchemeHandler.swift */,
				B100000100000000002B /* BundleSchemeHandler.swift */,
				B1000001000000000003 /* BridgeService.swift */,
				B1000001000000000004 /* DroppableWebView.swift */,
				B1000001000000000005 /* WebViewManager.swift */,
				G100000100000000000B /* PDFReader */,
				G1000001000000000005 /* Onboarding */,
				G1000001000000000006 /* QuickPanel */,
			);
			path = App;
			sourceTree = "<group>";
		};
		G100000100000000000B /* PDFReader */ = {
			isa = PBXGroup;
			children = (
				B1000001000000000030 /* PDFReaderPaneController.swift */,
			);
			path = PDFReader;
			sourceTree = "<group>";
		};
		G1000001000000000002 /* Design */ = {
			isa = PBXGroup;
			children = (
				B100000100000000000A /* Colors.swift */,
				B100000100000000000B /* Spacing.swift */,
			);
			path = Design;
			sourceTree = "<group>";
		};
		G1000001000000000003 /* Models */ = {
			isa = PBXGroup;
			children = (
				B100000100000000000C /* BridgePayloads.swift */,
				B1000001000000000010 /* SourceChunk.swift */,
				B1000001000000000011 /* SourceReference.swift */,
				B1000001000000000012 /* Stream.swift */,
			);
			path = Models;
			sourceTree = "<group>";
		};
		G1000001000000000004 /* Services */ = {
			isa = PBXGroup;
			children = (
				B1000001000000000013 /* AIOrchestrator.swift */,
				B1000001000000000014 /* AIService.swift */,
				B1000001000000000015 /* AnthropicService.swift */,
				B1000001000000000016 /* AssetService.swift */,
				B1000001000000000017 /* ChunkingService.swift */,
				B100000100000000002C /* DeviceKeyService.swift */,
				B1000001000000000019 /* EmbeddingService.swift */,
				B100000100000000001A /* MLXClassifier.swift */,
				B100000100000000001B /* PerplexityService.swift */,
				B100000100000000001C /* PersistenceService.swift */,
				B100000100000000001E /* Prompts.swift */,
				B100000100000000002D /* ProxyLLMService.swift */,
				B100000100000000002E /* DebugLog.swift */,
				B1000001000000000020 /* QueryClassifier.swift */,
				B1000001000000000021 /* RAGMigrationService.swift */,
				B1000001000000000022 /* RetrievalService.swift */,
				B1000001000000000023 /* SearchService.swift */,
				B1000001000000000024 /* SettingsService.swift */,
				B1000001000000000025 /* SourceService.swift */,
				G1000001000000000007 /* Providers */,
				G1000001000000000008 /* System */,
			);
			path = Services;
			sourceTree = "<group>";
		};
		G1000001000000000005 /* Onboarding */ = {
			isa = PBXGroup;
			children = (
				B1000001000000000006 /* OnboardingView.swift */,
			);
			path = Onboarding;
			sourceTree = "<group>";
		};
			G1000001000000000006 /* QuickPanel */ = {
				isa = PBXGroup;
				children = (
					B1000001000000000007 /* QuickPanelManager.swift */,
					B1000001000000000008 /* QuickPanelView.swift */,
					B1000001000000000009 /* QuickPanelWindow.swift */,
				);
				path = QuickPanel;
				sourceTree = "<group>";
			};
		G1000001000000000007 /* Providers */ = {
			isa = PBXGroup;
			children = (
				B100000100000000001F /* LLMProvider.swift */,
			);
			path = Providers;
			sourceTree = "<group>";
		};
			G1000001000000000008 /* System */ = {
				isa = PBXGroup;
				children = (
					B1000001000000000026 /* ClipboardService.swift */,
				B1000001000000000027 /* CursorPositionService.swift */,
				B1000001000000000028 /* HotkeyService.swift */,
				B1000001000000000029 /* KeychainService.swift */,
				B100000100000000002A /* SelectionReaderService.swift */,
			);
				path = System;
				sourceTree = "<group>";
			};
			G1000001000000000009 /* Tests */ = {
				isa = PBXGroup;
				children = (
					G100000100000000000A /* TickerTests */,
				);
				path = Tests;
				sourceTree = "<group>";
			};
			G100000100000000000A /* TickerTests */ = {
				isa = PBXGroup;
				children = (
					B100000100000000002F /* DeviceKeyServiceTests.swift */,
					B1000001000000000031 /* StreamDocumentTests.swift */,
				);
				path = TickerTests;
				sourceTree = "<group>";
			};
		/* End PBXGroup section */

		/* Begin PBXNativeTarget section */
			E8A1B2C3D4E5F6A7B8C9D0E0 /* Ticker */ = {
			isa = PBXNativeTarget;
			buildConfigurationList = E8A1B2C3D4E5F6A7B8C9D110 /* Build configuration list for PBXNativeTarget "Ticker" */;
			buildPhases = (
				S1000001000000000001 /* Build Web Assets */,
				E8A1B2C3D4E5F6A7B8C9D0F0 /* Sources */,
				E8A1B2C3D4E5F6A7B8C9D0F1 /* Frameworks */,
				E8A1B2C3D4E5F6A7B8C9D0F2 /* Resources */,
			);
			buildRules = (
			);
			dependencies = (
			);
			name = Ticker;
			packageProductDependencies = (
				D1000001000000000001 /* GRDB */,
				D1000001000000000002 /* MLXLLM */,
				D1000001000000000003 /* Sparkle */,
			);
			productName = Ticker;
				productReference = E8A1B2C3D4E5F6A7B8C9D0E1 /* Ticker.app */;
				productType = "com.apple.product-type.application";
			};
			E8A1B2C3D4E5F6A7B8C9D0E4 /* TickerTests */ = {
				isa = PBXNativeTarget;
				buildConfigurationList = E8A1B2C3D4E5F6A7B8C9D120 /* Build configuration list for PBXNativeTarget "TickerTests" */;
				buildPhases = (
					T1000001000000000001 /* Sources */,
					T1000001000000000002 /* Frameworks */,
				);
				buildRules = (
				);
				dependencies = (
					T1000001000000000003 /* PBXTargetDependency */,
				);
				name = TickerTests;
				productName = TickerTests;
				productReference = E8A1B2C3D4E5F6A7B8C9D0E5 /* TickerTests.xctest */;
				productType = "com.apple.product-type.bundle.unit-test";
			};
		/* End PBXNativeTarget section */

		/* Begin PBXProject section */
			E8A1B2C3D4E5F6A7B8C9D001 /* Project object */ = {
				isa = PBXProject;
			attributes = {
				BuildIndependentTargetsInParallel = 1;
				LastSwiftUpdateCheck = 1500;
				LastUpgradeCheck = 1500;
					TargetAttributes = {
						E8A1B2C3D4E5F6A7B8C9D0E0 = {
							CreatedOnToolsVersion = 15.0;
						};
						E8A1B2C3D4E5F6A7B8C9D0E4 = {
							CreatedOnToolsVersion = 15.0;
						};
					};
				};
			buildConfigurationList = E8A1B2C3D4E5F6A7B8C9D004 /* Build configuration list for PBXProject "Ticker" */;
			compatibilityVersion = "Xcode 14.0";
			developmentRegion = en;
			hasScannedForEncodings = 0;
			knownRegions = (
				en,
				Base,
			);
			mainGroup = E8A1B2C3D4E5F6A7B8C9D100;
			packageReferences = (
				P1000001000000000001 /* XCRemoteSwiftPackageReference "GRDB.swift" */,
				P1000001000000000002 /* XCRemoteSwiftPackageReference "mlx-swift-lm" */,
				P1000001000000000003 /* XCRemoteSwiftPackageReference "Sparkle" */,
			);
			productRefGroup = E8A1B2C3D4E5F6A7B8C9D102 /* Products */;
			projectDirPath = "";
			projectRoot = "";
				targets = (
					E8A1B2C3D4E5F6A7B8C9D0E0 /* Ticker */,
					E8A1B2C3D4E5F6A7B8C9D0E4 /* TickerTests */,
				);
			};
		/* End PBXProject section */

	/* Begin PBXResourcesBuildPhase section */
			E8A1B2C3D4E5F6A7B8C9D0F2 /* Resources */ = {
				isa = PBXResourcesBuildPhase;
				buildActionMask = 2147483647;
				files = (
					R1000001000000000001 /* Resources in Resources */,
					R1000001000000000002 /* Assets.xcassets in Resources */,
				);
				runOnlyForDeploymentPostprocessing = 0;
			};
	/* End PBXResourcesBuildPhase section */

/* Begin PBXShellScriptBuildPhase section */
		S1000001000000000001 /* Build Web Assets */ = {
			isa = PBXShellScriptBuildPhase;
			buildActionMask = 2147483647;
			files = (
			);
			inputFileListPaths = (
			);
			inputPaths = (
				"$(SRCROOT)/Web/package-lock.json",
				"$(SRCROOT)/Web/vite.config.ts",
				"$(SRCROOT)/Web/tsconfig.json",
			);
			name = "Build Web Assets";
			outputFileListPaths = (
			);
			outputPaths = (
				"$(SRCROOT)/Sources/Ticker/Resources/index.html",
			);
			runOnlyForDeploymentPostprocessing = 0;
			shellPath = /bin/sh;
			shellScript = "cd \"$SRCROOT/Web\" && npm ci && npm run build\n";
		};
/* End PBXShellScriptBuildPhase section */

		/* Begin PBXSourcesBuildPhase section */
			E8A1B2C3D4E5F6A7B8C9D0F0 /* Sources */ = {
			isa = PBXSourcesBuildPhase;
			buildActionMask = 2147483647;
			files = (
				A1000001000000000001 /* AppDelegate.swift in Sources */,
				A1000001000000000002 /* AssetSchemeHandler.swift in Sources */,
				A100000100000000002B /* BundleSchemeHandler.swift in Sources */,
				A1000001000000000003 /* BridgeService.swift in Sources */,
				A1000001000000000004 /* DroppableWebView.swift in Sources */,
				A1000001000000000005 /* WebViewManager.swift in Sources */,
				A1000001000000000030 /* PDFReaderPaneController.swift in Sources */,
				A1000001000000000006 /* OnboardingView.swift in Sources */,
				A1000001000000000007 /* QuickPanelManager.swift in Sources */,
				A1000001000000000008 /* QuickPanelView.swift in Sources */,
				A1000001000000000009 /* QuickPanelWindow.swift in Sources */,
				A100000100000000000A /* Colors.swift in Sources */,
				A100000100000000000B /* Spacing.swift in Sources */,
				A100000100000000000C /* BridgePayloads.swift in Sources */,
				A1000001000000000010 /* SourceChunk.swift in Sources */,
				A1000001000000000011 /* SourceReference.swift in Sources */,
				A1000001000000000012 /* Stream.swift in Sources */,
				A1000001000000000013 /* AIOrchestrator.swift in Sources */,
				A1000001000000000014 /* AIService.swift in Sources */,
				A1000001000000000015 /* AnthropicService.swift in Sources */,
				A1000001000000000016 /* AssetService.swift in Sources */,
				A1000001000000000017 /* ChunkingService.swift in Sources */,
				A1000001000000000019 /* EmbeddingService.swift in Sources */,
				A100000100000000001A /* MLXClassifier.swift in Sources */,
				A100000100000000001B /* PerplexityService.swift in Sources */,
				A100000100000000001C /* PersistenceService.swift in Sources */,
				A100000100000000001E /* Prompts.swift in Sources */,
				A100000100000000001F /* LLMProvider.swift in Sources */,
				A1000001000000000020 /* QueryClassifier.swift in Sources */,
				A1000001000000000021 /* RAGMigrationService.swift in Sources */,
				A1000001000000000022 /* RetrievalService.swift in Sources */,
				A1000001000000000023 /* SearchService.swift in Sources */,
				A1000001000000000024 /* SettingsService.swift in Sources */,
				A1000001000000000025 /* SourceService.swift in Sources */,
				A1000001000000000026 /* ClipboardService.swift in Sources */,
				A1000001000000000027 /* CursorPositionService.swift in Sources */,
				A1000001000000000028 /* HotkeyService.swift in Sources */,
				A1000001000000000029 /* KeychainService.swift in Sources */,
				A100000100000000002A /* SelectionReaderService.swift in Sources */,
				A100000100000000002C /* DeviceKeyService.swift in Sources */,
				A100000100000000002D /* ProxyLLMService.swift in Sources */,
				A100000100000000002E /* DebugLog.swift in Sources */,
			);
				runOnlyForDeploymentPostprocessing = 0;
			};
			T1000001000000000001 /* Sources */ = {
				isa = PBXSourcesBuildPhase;
				buildActionMask = 2147483647;
				files = (
					A100000100000000002F /* DeviceKeyServiceTests.swift in Sources */,
					A1000001000000000031 /* StreamDocumentTests.swift in Sources */,
				);
				runOnlyForDeploymentPostprocessing = 0;
			};
		/* End PBXSourcesBuildPhase section */

		/* Begin PBXTargetDependency section */
			T1000001000000000003 /* PBXTargetDependency */ = {
				isa = PBXTargetDependency;
				target = E8A1B2C3D4E5F6A7B8C9D0E0 /* Ticker */;
				targetProxy = T1000001000000000004 /* PBXContainerItemProxy */;
			};
		/* End PBXTargetDependency section */

		/* Begin XCBuildConfiguration section */
			E8A1B2C3D4E5F6A7B8C9D005 /* Debug */ = {
				isa = XCBuildConfiguration;
				buildSettings = {
				ALWAYS_SEARCH_USER_PATHS = NO;
				ASSETCATALOG_COMPILER_GENERATE_SWIFT_ASSET_SYMBOL_EXTENSIONS = YES;
				CLANG_ANALYZER_NONNULL = YES;
				CLANG_ANALYZER_NUMBER_OBJECT_CONVERSION = YES_AGGRESSIVE;
				CLANG_CXX_LANGUAGE_STANDARD = "gnu++20";
				CLANG_ENABLE_MODULES = YES;
				CLANG_ENABLE_OBJC_ARC = YES;
				CLANG_ENABLE_OBJC_WEAK = YES;
				CLANG_WARN_BLOCK_CAPTURE_AUTORELEASING = YES;
				CLANG_WARN_BOOL_CONVERSION = YES;
				CLANG_WARN_COMMA = YES;
				CLANG_WARN_CONSTANT_CONVERSION = YES;
				CLANG_WARN_DEPRECATED_OBJC_IMPLEMENTATIONS = YES;
				CLANG_WARN_DIRECT_OBJC_ISA_USAGE = YES_ERROR;
				CLANG_WARN_DOCUMENTATION_COMMENTS = YES;
				CLANG_WARN_EMPTY_BODY = YES;
				CLANG_WARN_ENUM_CONVERSION = YES;
				CLANG_WARN_INFINITE_RECURSION = YES;
				CLANG_WARN_INT_CONVERSION = YES;
				CLANG_WARN_NON_LITERAL_NULL_CONVERSION = YES;
				CLANG_WARN_OBJC_IMPLICIT_RETAIN_SELF = YES;
				CLANG_WARN_OBJC_LITERAL_CONVERSION = YES;
				CLANG_WARN_OBJC_ROOT_CLASS = YES_ERROR;
				CLANG_WARN_QUOTED_INCLUDE_IN_FRAMEWORK_HEADER = YES;
				CLANG_WARN_RANGE_LOOP_ANALYSIS = YES;
				CLANG_WARN_STRICT_PROTOTYPES = YES;
				CLANG_WARN_SUSPICIOUS_MOVE = YES;
				CLANG_WARN_UNGUARDED_AVAILABILITY = YES_AGGRESSIVE;
				CLANG_WARN_UNREACHABLE_CODE = YES;
				CLANG_WARN__DUPLICATE_METHOD_MATCH = YES;
				COPY_PHASE_STRIP = NO;
				DEBUG_INFORMATION_FORMAT = dwarf;
				ENABLE_STRICT_OBJC_MSGSEND = YES;
				ENABLE_TESTABILITY = YES;
				ENABLE_USER_SCRIPT_SANDBOXING = YES;
				GCC_C_LANGUAGE_STANDARD = gnu17;
				GCC_DYNAMIC_NO_PIC = NO;
				GCC_NO_COMMON_BLOCKS = YES;
				GCC_OPTIMIZATION_LEVEL = 0;
				GCC_PREPROCESSOR_DEFINITIONS = (
					"DEBUG=1",
					"$(inherited)",
				);
				GCC_WARN_64_TO_32_BIT_CONVERSION = YES;
				GCC_WARN_ABOUT_RETURN_TYPE = YES_ERROR;
				GCC_WARN_UNDECLARED_SELECTOR = YES;
				GCC_WARN_UNINITIALIZED_AUTOS = YES_AGGRESSIVE;
				GCC_WARN_UNUSED_FUNCTION = YES;
				GCC_WARN_UNUSED_VARIABLE = YES;
				LOCALIZATION_PREFERS_STRING_CATALOGS = YES;
				MACOSX_DEPLOYMENT_TARGET = 14.0;
				MTL_ENABLE_DEBUG_INFO = INCLUDE_SOURCE;
				MTL_FAST_MATH = YES;
				ONLY_ACTIVE_ARCH = YES;
				SDKROOT = macosx;
				SWIFT_ACTIVE_COMPILATION_CONDITIONS = "DEBUG $(inherited)";
				SWIFT_OPTIMIZATION_LEVEL = "-Onone";
			};
			name = Debug;
		};
		E8A1B2C3D4E5F6A7B8C9D006 /* Release */ = {
			isa = XCBuildConfiguration;
			buildSettings = {
				ALWAYS_SEARCH_USER_PATHS = NO;
				ASSETCATALOG_COMPILER_GENERATE_SWIFT_ASSET_SYMBOL_EXTENSIONS = YES;
				CLANG_ANALYZER_NONNULL = YES;
				CLANG_ANALYZER_NUMBER_OBJECT_CONVERSION = YES_AGGRESSIVE;
				CLANG_CXX_LANGUAGE_STANDARD = "gnu++20";
				CLANG_ENABLE_MODULES = YES;
				CLANG_ENABLE_OBJC_ARC = YES;
				CLANG_ENABLE_OBJC_WEAK = YES;
				CLANG_WARN_BLOCK_CAPTURE_AUTORELEASING = YES;
				CLANG_WARN_BOOL_CONVERSION = YES;
				CLANG_WARN_COMMA = YES;
				CLANG_WARN_CONSTANT_CONVERSION = YES;
				CLANG_WARN_DEPRECATED_OBJC_IMPLEMENTATIONS = YES;
				CLANG_WARN_DIRECT_OBJC_ISA_USAGE = YES_ERROR;
				CLANG_WARN_DOCUMENTATION_COMMENTS = YES;
				CLANG_WARN_EMPTY_BODY = YES;
				CLANG_WARN_ENUM_CONVERSION = YES;
				CLANG_WARN_INFINITE_RECURSION = YES;
				CLANG_WARN_INT_CONVERSION = YES;
				CLANG_WARN_NON_LITERAL_NULL_CONVERSION = YES;
				CLANG_WARN_OBJC_IMPLICIT_RETAIN_SELF = YES;
				CLANG_WARN_OBJC_LITERAL_CONVERSION = YES;
				CLANG_WARN_OBJC_ROOT_CLASS = YES_ERROR;
				CLANG_WARN_QUOTED_INCLUDE_IN_FRAMEWORK_HEADER = YES;
				CLANG_WARN_RANGE_LOOP_ANALYSIS = YES;
				CLANG_WARN_STRICT_PROTOTYPES = YES;
				CLANG_WARN_SUSPICIOUS_MOVE = YES;
				CLANG_WARN_UNGUARDED_AVAILABILITY = YES_AGGRESSIVE;
				CLANG_WARN_UNREACHABLE_CODE = YES;
				CLANG_WARN__DUPLICATE_METHOD_MATCH = YES;
				COPY_PHASE_STRIP = NO;
				DEBUG_INFORMATION_FORMAT = "dwarf-with-dsym";
				ENABLE_NS_ASSERTIONS = NO;
				ENABLE_STRICT_OBJC_MSGSEND = YES;
				ENABLE_USER_SCRIPT_SANDBOXING = YES;
				GCC_C_LANGUAGE_STANDARD = gnu17;
				GCC_NO_COMMON_BLOCKS = YES;
				GCC_WARN_64_TO_32_BIT_CONVERSION = YES;
				GCC_WARN_ABOUT_RETURN_TYPE = YES_ERROR;
				GCC_WARN_UNDECLARED_SELECTOR = YES;
				GCC_WARN_UNINITIALIZED_AUTOS = YES_AGGRESSIVE;
				GCC_WARN_UNUSED_FUNCTION = YES;
				GCC_WARN_UNUSED_VARIABLE = YES;
				LOCALIZATION_PREFERS_STRING_CATALOGS = YES;
				MACOSX_DEPLOYMENT_TARGET = 14.0;
				MTL_ENABLE_DEBUG_INFO = NO;
				MTL_FAST_MATH = YES;
				SDKROOT = macosx;
				SWIFT_COMPILATION_MODE = wholemodule;
			};
			name = Release;
		};
			E8A1B2C3D4E5F6A7B8C9D111 /* Debug */ = {
				isa = XCBuildConfiguration;
				buildSettings = {
					ASSETCATALOG_COMPILER_APPICON_NAME = AppIcon;
					CODE_SIGN_ENTITLEMENTS = Sources/Ticker/Ticker.entitlements;
					CODE_SIGN_STYLE = Automatic;
					COMBINE_HIDPI_IMAGES = YES;
					CURRENT_PROJECT_VERSION = 1;
				GENERATE_INFOPLIST_FILE = NO;
				INFOPLIST_FILE = Sources/Ticker/Info.plist;
				INFOPLIST_KEY_NSHumanReadableCopyright = "";
				INFOPLIST_KEY_NSMainNibFile = "";
				INFOPLIST_KEY_NSPrincipalClass = NSApplication;
				LD_RUNPATH_SEARCH_PATHS = (
					"$(inherited)",
					"@executable_path/../Frameworks",
				);
				ENABLE_USER_SCRIPT_SANDBOXING = NO;
				MARKETING_VERSION = 2025.12.1;
					PRODUCT_BUNDLE_IDENTIFIER = io.ticker.next;
					PRODUCT_MODULE_NAME = Ticker;
					PRODUCT_NAME = TickerNext;
				SWIFT_EMIT_LOC_STRINGS = YES;
				SWIFT_VERSION = 5.0;
			};
			name = Debug;
		};
				E8A1B2C3D4E5F6A7B8C9D112 /* Release */ = {
					isa = XCBuildConfiguration;
					buildSettings = {
					ASSETCATALOG_COMPILER_APPICON_NAME = AppIcon;
					CODE_SIGN_ENTITLEMENTS = Sources/Ticker/Ticker.entitlements;
					CODE_SIGN_STYLE = Automatic;
					COMBINE_HIDPI_IMAGES = YES;
					CURRENT_PROJECT_VERSION = 1;
				ENABLE_USER_SCRIPT_SANDBOXING = NO;
				GENERATE_INFOPLIST_FILE = NO;
				INFOPLIST_FILE = Sources/Ticker/Info.plist;
				INFOPLIST_KEY_NSHumanReadableCopyright = "";
				INFOPLIST_KEY_NSMainNibFile = "";
				INFOPLIST_KEY_NSPrincipalClass = NSApplication;
				LD_RUNPATH_SEARCH_PATHS = (
					"$(inherited)",
					"@executable_path/../Frameworks",
				);
				MARKETING_VERSION = 2025.12.1;
					PRODUCT_BUNDLE_IDENTIFIER = io.ticker.next;
					PRODUCT_MODULE_NAME = Ticker;
					PRODUCT_NAME = TickerNext;
				SWIFT_EMIT_LOC_STRINGS = YES;
				SWIFT_VERSION = 5.0;
				};
				name = Release;
			};
			E8A1B2C3D4E5F6A7B8C9D121 /* Debug */ = {
				isa = XCBuildConfiguration;
				buildSettings = {
					BUNDLE_LOADER = "$(TEST_HOST)";
					CODE_SIGN_STYLE = Automatic;
					GENERATE_INFOPLIST_FILE = YES;
						PRODUCT_BUNDLE_IDENTIFIER = io.ticker.nextTests;
						PRODUCT_NAME = "$(TARGET_NAME)";
						SWIFT_VERSION = 5.0;
						TEST_HOST = "$(BUILT_PRODUCTS_DIR)/TickerNext.app/Contents/MacOS/TickerNext";
				};
				name = Debug;
			};
			E8A1B2C3D4E5F6A7B8C9D122 /* Release */ = {
				isa = XCBuildConfiguration;
				buildSettings = {
					BUNDLE_LOADER = "$(TEST_HOST)";
					CODE_SIGN_STYLE = Automatic;
					GENERATE_INFOPLIST_FILE = YES;
						PRODUCT_BUNDLE_IDENTIFIER = io.ticker.nextTests;
						PRODUCT_NAME = "$(TARGET_NAME)";
						SWIFT_VERSION = 5.0;
						TEST_HOST = "$(BUILT_PRODUCTS_DIR)/TickerNext.app/Contents/MacOS/TickerNext";
				};
				name = Release;
			};
		/* End XCBuildConfiguration section */

		/* Begin XCConfigurationList section */
			E8A1B2C3D4E5F6A7B8C9D004 /* Build configuration list for PBXProject "Ticker" */ = {
			isa = XCConfigurationList;
			buildConfigurations = (
				E8A1B2C3D4E5F6A7B8C9D005 /* Debug */,
				E8A1B2C3D4E5F6A7B8C9D006 /* Release */,
			);
			defaultConfigurationIsVisible = 0;
			defaultConfigurationName = Release;
		};
			E8A1B2C3D4E5F6A7B8C9D110 /* Build configuration list for PBXNativeTarget "Ticker" */ = {
				isa = XCConfigurationList;
				buildConfigurations = (
					E8A1B2C3D4E5F6A7B8C9D111 /* Debug */,
					E8A1B2C3D4E5F6A7B8C9D112 /* Release */,
				);
				defaultConfigurationIsVisible = 0;
				defaultConfigurationName = Release;
			};
			E8A1B2C3D4E5F6A7B8C9D120 /* Build configuration list for PBXNativeTarget "TickerTests" */ = {
				isa = XCConfigurationList;
				buildConfigurations = (
					E8A1B2C3D4E5F6A7B8C9D121 /* Debug */,
					E8A1B2C3D4E5F6A7B8C9D122 /* Release */,
				);
				defaultConfigurationIsVisible = 0;
				defaultConfigurationName = Release;
			};
		/* End XCConfigurationList section */

/* Begin XCRemoteSwiftPackageReference section */
		P1000001000000000001 /* XCRemoteSwiftPackageReference "GRDB.swift" */ = {
			isa = XCRemoteSwiftPackageReference;
			repositoryURL = "https://github.com/groue/GRDB.swift.git";
			requirement = {
				kind = upToNextMajorVersion;
				minimumVersion = 6.24.0;
			};
		};
		P1000001000000000002 /* XCRemoteSwiftPackageReference "mlx-swift-lm" */ = {
			isa = XCRemoteSwiftPackageReference;
			repositoryURL = "https://github.com/ml-explore/mlx-swift-lm";
			requirement = {
				kind = upToNextMajorVersion;
				minimumVersion = 2.29.2;
			};
		};
		P1000001000000000003 /* XCRemoteSwiftPackageReference "Sparkle" */ = {
			isa = XCRemoteSwiftPackageReference;
			repositoryURL = "https://github.com/sparkle-project/Sparkle";
			requirement = {
				kind = upToNextMajorVersion;
				minimumVersion = 2.6.0;
			};
		};
/* End XCRemoteSwiftPackageReference section */

/* Begin XCSwiftPackageProductDependency section */
		D1000001000000000001 /* GRDB */ = {
			isa = XCSwiftPackageProductDependency;
			package = P1000001000000000001 /* XCRemoteSwiftPackageReference "GRDB.swift" */;
			productName = GRDB;
		};
		D1000001000000000002 /* MLXLLM */ = {
			isa = XCSwiftPackageProductDependency;
			package = P1000001000000000002 /* XCRemoteSwiftPackageReference "mlx-swift-lm" */;
			productName = MLXLLM;
		};
		D1000001000000000003 /* Sparkle */ = {
			isa = XCSwiftPackageProductDependency;
			package = P1000001000000000003 /* XCRemoteSwiftPackageReference "Sparkle" */;
			productName = Sparkle;
		};
/* End XCSwiftPackageProductDependency section */
	};
	rootObject = E8A1B2C3D4E5F6A7B8C9D001 /* Project object */;
}
